// !$*UTF8*$!
{
	archiveVersion = 1;
	classes = {
	};
	objectVersion = 46;
	objects = {

/* Begin PBXBuildFile section */
		86B9CBCA1B05C29600D7F892 /* AppDelegate.swift in Sources */ = {isa = PBXBuildFile; fileRef = 86B9CBC91B05C29600D7F892 /* AppDelegate.swift */; };
		86B9CBCC1B05C29600D7F892 /* ViewController.swift in Sources */ = {isa = PBXBuildFile; fileRef = 86B9CBCB1B05C29600D7F892 /* ViewController.swift */; };
		86B9CBCF1B05C29600D7F892 /* Main.storyboard in Resources */ = {isa = PBXBuildFile; fileRef = 86B9CBCD1B05C29600D7F892 /* Main.storyboard */; };
		86B9CBD11B05C29600D7F892 /* Images.xcassets in Resources */ = {isa = PBXBuildFile; fileRef = 86B9CBD01B05C29600D7F892 /* Images.xcassets */; };
		86B9CBD41B05C29600D7F892 /* LaunchScreen.xib in Resources */ = {isa = PBXBuildFile; fileRef = 86B9CBD21B05C29600D7F892 /* LaunchScreen.xib */; };
		86B9CBE01B05C29700D7F892 /* iMotivateTests.swift in Sources */ = {isa = PBXBuildFile; fileRef = 86B9CBDF1B05C29700D7F892 /* iMotivateTests.swift */; };
		86B9CBF01B05C6F600D7F892 /* NotificationCenter.framework in Frameworks */ = {isa = PBXBuildFile; fileRef = 86B9CBEF1B05C6F600D7F892 /* NotificationCenter.framework */; };
		86B9CBF51B05C6F600D7F892 /* TodayViewController.swift in Sources */ = {isa = PBXBuildFile; fileRef = 86B9CBF41B05C6F600D7F892 /* TodayViewController.swift */; };
		86B9CBF71B05C6F600D7F892 /* MainInterface.storyboard in Resources */ = {isa = PBXBuildFile; fileRef = 86B9CBF61B05C6F600D7F892 /* MainInterface.storyboard */; };
		86B9CBFA1B05C6F600D7F892 /* iMotivate Widget.appex in Embed App Extensions */ = {isa = PBXBuildFile; fileRef = 86B9CBED1B05C6F600D7F892 /* iMotivate Widget.appex */; settings = {ATTRIBUTES = (RemoveHeadersOnCopy, ); }; };
		86B9CC001B05C72800D7F892 /* Thoughts.plist in Resources */ = {isa = PBXBuildFile; fileRef = 86B9CBFF1B05C72800D7F892 /* Thoughts.plist */; };
		86B9CC021B05C73800D7F892 /* Thoughts.plist in Resources */ = {isa = PBXBuildFile; fileRef = 86B9CC011B05C73800D7F892 /* Thoughts.plist */; };
/* End PBXBuildFile section */

/* Begin PBXContainerItemProxy section */
		86B9CBDA1B05C29600D7F892 /* PBXContainerItemProxy */ = {
			isa = PBXContainerItemProxy;
			containerPortal = 86B9CBBC1B05C29600D7F892 /* Project object */;
			proxyType = 1;
			remoteGlobalIDString = 86B9CBC31B05C29600D7F892;
			remoteInfo = iMotivate;
		};
		86B9CBF81B05C6F600D7F892 /* PBXContainerItemProxy */ = {
			isa = PBXContainerItemProxy;
			containerPortal = 86B9CBBC1B05C29600D7F892 /* Project object */;
			proxyType = 1;
			remoteGlobalIDString = 86B9CBEC1B05C6F600D7F892;
			remoteInfo = "iMotivate Widget";
		};
/* End PBXContainerItemProxy section */

/* Begin PBXCopyFilesBuildPhase section */
		86B9CBFE1B05C6F600D7F892 /* Embed App Extensions */ = {
			isa = PBXCopyFilesBuildPhase;
			buildActionMask = 2147483647;
			dstPath = "";
			dstSubfolderSpec = 13;
			files = (
				86B9CBFA1B05C6F600D7F892 /* iMotivate Widget.appex in Embed App Extensions */,
			);
			name = "Embed App Extensions";
			runOnlyForDeploymentPostprocessing = 0;
		};
/* End PBXCopyFilesBuildPhase section */

/* Begin PBXFileReference section */
		86B9CBC41B05C29600D7F892 /* iMotivate.app */ = {isa = PBXFileReference; explicitFileType = wrapper.application; includeInIndex = 0; path = iMotivate.app; sourceTree = BUILT_PRODUCTS_DIR; };
		86B9CBC81B05C29600D7F892 /* Info.plist */ = {isa = PBXFileReference; lastKnownFileType = text.plist.xml; path = Info.plist; sourceTree = "<group>"; };
		86B9CBC91B05C29600D7F892 /* AppDelegate.swift */ = {isa = PBXFileReference; lastKnownFileType = sourcecode.swift; path = AppDelegate.swift; sourceTree = "<group>"; };
		86B9CBCB1B05C29600D7F892 /* ViewController.swift */ = {isa = PBXFileReference; lastKnownFileType = sourcecode.swift; path = ViewController.swift; sourceTree = "<group>"; };
		86B9CBCE1B05C29600D7F892 /* Base */ = {isa = PBXFileReference; lastKnownFileType = file.storyboard; name = Base; path = Base.lproj/Main.storyboard; sourceTree = "<group>"; };
		86B9CBD01B05C29600D7F892 /* Images.xcassets */ = {isa = PBXFileReference; lastKnownFileType = folder.assetcatalog; path = Images.xcassets; sourceTree = "<group>"; };
		86B9CBD31B05C29600D7F892 /* Base */ = {isa = PBXFileReference; lastKnownFileType = file.xib; name = Base; path = Base.lproj/LaunchScreen.xib; sourceTree = "<group>"; };
		86B9CBD91B05C29600D7F892 /* iMotivateTests.xctest */ = {isa = PBXFileReference; explicitFileType = wrapper.cfbundle; includeInIndex = 0; path = iMotivateTests.xctest; sourceTree = BUILT_PRODUCTS_DIR; };
		86B9CBDE1B05C29700D7F892 /* Info.plist */ = {isa = PBXFileReference; lastKnownFileType = text.plist.xml; path = Info.plist; sourceTree = "<group>"; };
		86B9CBDF1B05C29700D7F892 /* iMotivateTests.swift */ = {isa = PBXFileReference; lastKnownFileType = sourcecode.swift; path = iMotivateTests.swift; sourceTree = "<group>"; };
		86B9CBED1B05C6F600D7F892 /* iMotivate Widget.appex */ = {isa = PBXFileReference; explicitFileType = "wrapper.app-extension"; includeInIndex = 0; path = "iMotivate Widget.appex"; sourceTree = BUILT_PRODUCTS_DIR; };
		86B9CBEF1B05C6F600D7F892 /* NotificationCenter.framework */ = {isa = PBXFileReference; lastKnownFileType = wrapper.framework; name = NotificationCenter.framework; path = System/Library/Frameworks/NotificationCenter.framework; sourceTree = SDKROOT; };
		86B9CBF31B05C6F600D7F892 /* Info.plist */ = {isa = PBXFileReference; lastKnownFileType = text.plist.xml; path = Info.plist; sourceTree = "<group>"; };
		86B9CBF41B05C6F600D7F892 /* TodayViewController.swift */ = {isa = PBXFileReference; lastKnownFileType = sourcecode.swift; path = TodayViewController.swift; sourceTree = "<group>"; };
		86B9CBF61B05C6F600D7F892 /* MainInterface.storyboard */ = {isa = PBXFileReference; lastKnownFileType = file.storyboard; path = MainInterface.storyboard; sourceTree = "<group>"; };
		86B9CBFF1B05C72800D7F892 /* Thoughts.plist */ = {isa = PBXFileReference; fileEncoding = 4; lastKnownFileType = text.plist.xml; path = Thoughts.plist; sourceTree = "<group>"; };
		86B9CC011B05C73800D7F892 /* Thoughts.plist */ = {isa = PBXFileReference; fileEncoding = 4; lastKnownFileType = text.plist.xml; path = Thoughts.plist; sourceTree = "<group>"; };
/* End PBXFileReference section */

/* Begin PBXFrameworksBuildPhase section */
		86B9CBC11B05C29600D7F892 /* Frameworks */ = {
			isa = PBXFrameworksBuildPhase;
			buildActionMask = 2147483647;
			files = (
			);
			runOnlyForDeploymentPostprocessing = 0;
		};
		86B9CBD61B05C29600D7F892 /* Frameworks */ = {
			isa = PBXFrameworksBuildPhase;
			buildActionMask = 2147483647;
			files = (
			);
			runOnlyForDeploymentPostprocessing = 0;
		};
		86B9CBEA1B05C6F600D7F892 /* Frameworks */ = {
			isa = PBXFrameworksBuildPhase;
			buildActionMask = 2147483647;
			files = (
				86B9CBF01B05C6F600D7F892 /* NotificationCenter.framework in Frameworks */,
			);
			runOnlyForDeploymentPostprocessing = 0;
		};
/* End PBXFrameworksBuildPhase section */

/* Begin PBXGroup section */
		86B9CBBB1B05C29600D7F892 = {
			isa = PBXGroup;
			children = (
				86B9CBC61B05C29600D7F892 /* iMotivate */,
				86B9CBDC1B05C29600D7F892 /* iMotivateTests */,
				86B9CBF11B05C6F600D7F892 /* iMotivate Widget */,
				86B9CBEE1B05C6F600D7F892 /* Frameworks */,
				86B9CBC51B05C29600D7F892 /* Products */,
			);
			sourceTree = "<group>";
		};
		86B9CBC51B05C29600D7F892 /* Products */ = {
			isa = PBXGroup;
			children = (
				86B9CBC41B05C29600D7F892 /* iMotivate.app */,
				86B9CBD91B05C29600D7F892 /* iMotivateTests.xctest */,
				86B9CBED1B05C6F600D7F892 /* iMotivate Widget.appex */,
			);
			name = Products;
			sourceTree = "<group>";
		};
		86B9CBC61B05C29600D7F892 /* iMotivate */ = {
			isa = PBXGroup;
			children = (
				86B9CBC91B05C29600D7F892 /* AppDelegate.swift */,
				86B9CBCB1B05C29600D7F892 /* ViewController.swift */,
				86B9CBCD1B05C29600D7F892 /* Main.storyboard */,
				86B9CBD01B05C29600D7F892 /* Images.xcassets */,
				86B9CBD21B05C29600D7F892 /* LaunchScreen.xib */,
				86B9CBC71B05C29600D7F892 /* Supporting Files */,
			);
			path = iMotivate;
			sourceTree = "<group>";
		};
		86B9CBC71B05C29600D7F892 /* Supporting Files */ = {
			isa = PBXGroup;
			children = (
				86B9CBFF1B05C72800D7F892 /* Thoughts.plist */,
				86B9CBC81B05C29600D7F892 /* Info.plist */,
			);
			name = "Supporting Files";
			sourceTree = "<group>";
		};
		86B9CBDC1B05C29600D7F892 /* iMotivateTests */ = {
			isa = PBXGroup;
			children = (
				86B9CBDF1B05C29700D7F892 /* iMotivateTests.swift */,
				86B9CBDD1B05C29700D7F892 /* Supporting Files */,
			);
			path = iMotivateTests;
			sourceTree = "<group>";
		};
		86B9CBDD1B05C29700D7F892 /* Supporting Files */ = {
			isa = PBXGroup;
			children = (
				86B9CBDE1B05C29700D7F892 /* Info.plist */,
			);
			name = "Supporting Files";
			sourceTree = "<group>";
		};
		86B9CBEE1B05C6F600D7F892 /* Frameworks */ = {
			isa = PBXGroup;
			children = (
				86B9CBEF1B05C6F600D7F892 /* NotificationCenter.framework */,
			);
			name = Frameworks;
			sourceTree = "<group>";
		};
		86B9CBF11B05C6F600D7F892 /* iMotivate Widget */ = {
			isa = PBXGroup;
			children = (
				86B9CBF41B05C6F600D7F892 /* TodayViewController.swift */,
				86B9CBF61B05C6F600D7F892 /* MainInterface.storyboard */,
				86B9CBF21B05C6F600D7F892 /* Supporting Files */,
			);
			path = "iMotivate Widget";
			sourceTree = "<group>";
		};
		86B9CBF21B05C6F600D7F892 /* Supporting Files */ = {
			isa = PBXGroup;
			children = (
				86B9CC011B05C73800D7F892 /* Thoughts.plist */,
				86B9CBF31B05C6F600D7F892 /* Info.plist */,
			);
			name = "Supporting Files";
			sourceTree = "<group>";
		};
/* End PBXGroup section */

/* Begin PBXNativeTarget section */
		86B9CBC31B05C29600D7F892 /* iMotivate */ = {
			isa = PBXNativeTarget;
			buildConfigurationList = 86B9CBE31B05C29700D7F892 /* Build configuration list for PBXNativeTarget "iMotivate" */;
			buildPhases = (
				86B9CBC01B05C29600D7F892 /* Sources */,
				86B9CBC11B05C29600D7F892 /* Frameworks */,
				86B9CBC21B05C29600D7F892 /* Resources */,
				86B9CBFE1B05C6F600D7F892 /* Embed App Extensions */,
			);
			buildRules = (
			);
			dependencies = (
				86B9CBF91B05C6F600D7F892 /* PBXTargetDependency */,
			);
			name = iMotivate;
			productName = iMotivate;
			productReference = 86B9CBC41B05C29600D7F892 /* iMotivate.app */;
			productType = "com.apple.product-type.application";
		};
		86B9CBD81B05C29600D7F892 /* iMotivateTests */ = {
			isa = PBXNativeTarget;
			buildConfigurationList = 86B9CBE61B05C29700D7F892 /* Build configuration list for PBXNativeTarget "iMotivateTests" */;
			buildPhases = (
				86B9CBD51B05C29600D7F892 /* Sources */,
				86B9CBD61B05C29600D7F892 /* Frameworks */,
				86B9CBD71B05C29600D7F892 /* Resources */,
			);
			buildRules = (
			);
			dependencies = (
				86B9CBDB1B05C29600D7F892 /* PBXTargetDependency */,
			);
			name = iMotivateTests;
			productName = iMotivateTests;
			productReference = 86B9CBD91B05C29600D7F892 /* iMotivateTests.xctest */;
			productType = "com.apple.product-type.bundle.unit-test";
		};
		86B9CBEC1B05C6F600D7F892 /* iMotivate Widget */ = {
			isa = PBXNativeTarget;
			buildConfigurationList = 86B9CBFB1B05C6F600D7F892 /* Build configuration list for PBXNativeTarget "iMotivate Widget" */;
			buildPhases = (
				86B9CBE91B05C6F600D7F892 /* Sources */,
				86B9CBEA1B05C6F600D7F892 /* Frameworks */,
				86B9CBEB1B05C6F600D7F892 /* Resources */,
			);
			buildRules = (
			);
			dependencies = (
			);
			name = "iMotivate Widget";
			productName = "iMotivate Widget";
			productReference = 86B9CBED1B05C6F600D7F892 /* iMotivate Widget.appex */;
			productType = "com.apple.product-type.app-extension";
		};
/* End PBXNativeTarget section */

/* Begin PBXProject section */
		86B9CBBC1B05C29600D7F892 /* Project object */ = {
			isa = PBXProject;
			attributes = {
				LastUpgradeCheck = 0630;
				ORGANIZATIONNAME = "Vijay Subrahmanian";
				TargetAttributes = {
					86B9CBC31B05C29600D7F892 = {
						CreatedOnToolsVersion = 6.3.1;
					};
					86B9CBD81B05C29600D7F892 = {
						CreatedOnToolsVersion = 6.3.1;
						TestTargetID = 86B9CBC31B05C29600D7F892;
					};
					86B9CBEC1B05C6F600D7F892 = {
						CreatedOnToolsVersion = 6.3.1;
					};
				};
			};
			buildConfigurationList = 86B9CBBF1B05C29600D7F892 /* Build configuration list for PBXProject "iMotivate" */;
			compatibilityVersion = "Xcode 3.2";
			developmentRegion = English;
			hasScannedForEncodings = 0;
			knownRegions = (
				en,
				Base,
			);
			mainGroup = 86B9CBBB1B05C29600D7F892;
			productRefGroup = 86B9CBC51B05C29600D7F892 /* Products */;
			projectDirPath = "";
			projectRoot = "";
			targets = (
				86B9CBC31B05C29600D7F892 /* iMotivate */,
				86B9CBD81B05C29600D7F892 /* iMotivateTests */,
				86B9CBEC1B05C6F600D7F892 /* iMotivate Widget */,
			);
		};
/* End PBXProject section */

/* Begin PBXResourcesBuildPhase section */
		86B9CBC21B05C29600D7F892 /* Resources */ = {
			isa = PBXResourcesBuildPhase;
			buildActionMask = 2147483647;
			files = (
				86B9CBCF1B05C29600D7F892 /* Main.storyboard in Resources */,
				86B9CBD41B05C29600D7F892 /* LaunchScreen.xib in Resources */,
				86B9CC001B05C72800D7F892 /* Thoughts.plist in Resources */,
				86B9CBD11B05C29600D7F892 /* Images.xcassets in Resources */,
			);
			runOnlyForDeploymentPostprocessing = 0;
		};
		86B9CBD71B05C29600D7F892 /* Resources */ = {
			isa = PBXResourcesBuildPhase;
			buildActionMask = 2147483647;
			files = (
			);
			runOnlyForDeploymentPostprocessing = 0;
		};
		86B9CBEB1B05C6F600D7F892 /* Resources */ = {
			isa = PBXResourcesBuildPhase;
			buildActionMask = 2147483647;
			files = (
				86B9CC021B05C73800D7F892 /* Thoughts.plist in Resources */,
				86B9CBF71B05C6F600D7F892 /* MainInterface.storyboard in Resources */,
			);
			runOnlyForDeploymentPostprocessing = 0;
		};
/* End PBXResourcesBuildPhase section */

/* Begin PBXSourcesBuildPhase section */
		86B9CBC01B05C29600D7F892 /* Sources */ = {
			isa = PBXSourcesBuildPhase;
			buildActionMask = 2147483647;
			files = (
				86B9CBCC1B05C29600D7F892 /* ViewController.swift in Sources */,
				86B9CBCA1B05C29600D7F892 /* AppDelegate.swift in Sources */,
			);
			runOnlyForDeploymentPostprocessing = 0;
		};
		86B9CBD51B05C29600D7F892 /* Sources */ = {
			isa = PBXSourcesBuildPhase;
			buildActionMask = 2147483647;
			files = (
				86B9CBE01B05C29700D7F892 /* iMotivateTests.swift in Sources */,
			);
			runOnlyForDeploymentPostprocessing = 0;
		};
		86B9CBE91B05C6F600D7F892 /* Sources */ = {
			isa = PBXSourcesBuildPhase;
			buildActionMask = 2147483647;
			files = (
				86B9CBF51B05C6F600D7F892 /* TodayViewController.swift in Sources */,
			);
			runOnlyForDeploymentPostprocessing = 0;
		};
/* End PBXSourcesBuildPhase section */

/* Begin PBXTargetDependency section */
		86B9CBDB1B05C29600D7F892 /* PBXTargetDependency */ = {
			isa = PBXTargetDependency;
			target = 86B9CBC31B05C29600D7F892 /* iMotivate */;
			targetProxy = 86B9CBDA1B05C29600D7F892 /* PBXContainerItemProxy */;
		};
		86B9CBF91B05C6F600D7F892 /* PBXTargetDependency */ = {
			isa = PBXTargetDependency;
			target = 86B9CBEC1B05C6F600D7F892 /* iMotivate Widget */;
			targetProxy = 86B9CBF81B05C6F600D7F892 /* PBXContainerItemProxy */;
		};
/* End PBXTargetDependency section */

/* Begin PBXVariantGroup section */
		86B9CBCD1B05C29600D7F892 /* Main.storyboard */ = {
			isa = PBXVariantGroup;
			children = (
				86B9CBCE1B05C29600D7F892 /* Base */,
			);
			name = Main.storyboard;
			sourceTree = "<group>";
		};
		86B9CBD21B05C29600D7F892 /* LaunchScreen.xib */ = {
			isa = PBXVariantGroup;
			children = (
				86B9CBD31B05C29600D7F892 /* Base */,
			);
			name = LaunchScreen.xib;
			sourceTree = "<group>";
		};
/* End PBXVariantGroup section */

/* Begin XCBuildConfiguration section */
		86B9CBE11B05C29700D7F892 /* Debug */ = {
			isa = XCBuildConfiguration;
			buildSettings = {
				ALWAYS_SEARCH_USER_PATHS = NO;
				CLANG_CXX_LANGUAGE_STANDARD = "gnu++0x";
				CLANG_CXX_LIBRARY = "libc++";
				CLANG_ENABLE_MODULES = YES;
				CLANG_ENABLE_OBJC_ARC = YES;
				CLANG_WARN_BOOL_CONVERSION = YES;
				CLANG_WARN_CONSTANT_CONVERSION = YES;
				CLANG_WARN_DIRECT_OBJC_ISA_USAGE = YES_ERROR;
				CLANG_WARN_EMPTY_BODY = YES;
				CLANG_WARN_ENUM_CONVERSION = YES;
				CLANG_WARN_INT_CONVERSION = YES;
				CLANG_WARN_OBJC_ROOT_CLASS = YES_ERROR;
				CLANG_WARN_UNREACHABLE_CODE = YES;
				CLANG_WARN__DUPLICATE_METHOD_MATCH = YES;
				"CODE_SIGN_IDENTITY[sdk=iphoneos*]" = "iPhone Developer";
				COPY_PHASE_STRIP = NO;
				DEBUG_INFORMATION_FORMAT = "dwarf-with-dsym";
				ENABLE_STRICT_OBJC_MSGSEND = YES;
				GCC_C_LANGUAGE_STANDARD = gnu99;
				GCC_DYNAMIC_NO_PIC = NO;
				GCC_NO_COMMON_BLOCKS = YES;
				GCC_OPTIMIZATION_LEVEL = 0;
				GCC_PREPROCESSOR_DEFINITIONS = (
					"DEBUG=1",
					"$(inherited)",
				);
				GCC_SYMBOLS_PRIVATE_EXTERN = NO;
				GCC_WARN_64_TO_32_BIT_CONVERSION = YES;
				GCC_WARN_ABOUT_RETURN_TYPE = YES_ERROR;
				GCC_WARN_UNDECLARED_SELECTOR = YES;
				GCC_WARN_UNINITIALIZED_AUTOS = YES_AGGRESSIVE;
				GCC_WARN_UNUSED_FUNCTION = YES;
				GCC_WARN_UNUSED_VARIABLE = YES;
				IPHONEOS_DEPLOYMENT_TARGET = 8.3;
				MTL_ENABLE_DEBUG_INFO = YES;
				ONLY_ACTIVE_ARCH = YES;
				SDKROOT = iphoneos;
				SWIFT_OPTIMIZATION_LEVEL = "-Onone";
				TARGETED_DEVICE_FAMILY = "1,2";
			};
			name = Debug;
		};
		86B9CBE21B05C29700D7F892 /* Release */ = {
			isa = XCBuildConfiguration;
			buildSettings = {
				ALWAYS_SEARCH_USER_PATHS = NO;
				CLANG_CXX_LANGUAGE_STANDARD = "gnu++0x";
				CLANG_CXX_LIBRARY = "libc++";
				CLANG_ENABLE_MODULES = YES;
				CLANG_ENABLE_OBJC_ARC = YES;
				CLANG_WARN_BOOL_CONVERSION = YES;
				CLANG_WARN_CONSTANT_CONVERSION = YES;
				CLANG_WARN_DIRECT_OBJC_ISA_USAGE = YES_ERROR;
				CLANG_WARN_EMPTY_BODY = YES;
				CLANG_WARN_ENUM_CONVERSION = YES;
				CLANG_WARN_INT_CONVERSION = YES;
				CLANG_WARN_OBJC_ROOT_CLASS = YES_ERROR;
				CLANG_WARN_UNREACHABLE_CODE = YES;
				CLANG_WARN__DUPLICATE_METHOD_MATCH = YES;
				"CODE_SIGN_IDENTITY[sdk=iphoneos*]" = "iPhone Developer";
				COPY_PHASE_STRIP = NO;
				DEBUG_INFORMATION_FORMAT = "dwarf-with-dsym";
				ENABLE_NS_ASSERTIONS = NO;
				ENABLE_STRICT_OBJC_MSGSEND = YES;
				GCC_C_LANGUAGE_STANDARD = gnu99;
				GCC_NO_COMMON_BLOCKS = YES;
				GCC_WARN_64_TO_32_BIT_CONVERSION = YES;
				GCC_WARN_ABOUT_RETURN_TYPE = YES_ERROR;
				GCC_WARN_UNDECLARED_SELECTOR = YES;
				GCC_WARN_UNINITIALIZED_AUTOS = YES_AGGRESSIVE;
				GCC_WARN_UNUSED_FUNCTION = YES;
				GCC_WARN_UNUSED_VARIABLE = YES;
				IPHONEOS_DEPLOYMENT_TARGET = 8.3;
				MTL_ENABLE_DEBUG_INFO = NO;
				SDKROOT = iphoneos;
				TARGETED_DEVICE_FAMILY = "1,2";
				VALIDATE_PRODUCT = YES;
			};
			name = Release;
		};
		86B9CBE41B05C29700D7F892 /* Debug */ = {
			isa = XCBuildConfiguration;
			buildSettings = {
				ASSETCATALOG_COMPILER_APPICON_NAME = AppIcon;
				INFOPLIST_FILE = iMotivate/Info.plist;
				LD_RUNPATH_SEARCH_PATHS = "$(inherited) @executable_path/Frameworks";
				PRODUCT_NAME = "$(TARGET_NAME)";
			};
			name = Debug;
		};
		86B9CBE51B05C29700D7F892 /* Release */ = {
			isa = XCBuildConfiguration;
			buildSettings = {
				ASSETCATALOG_COMPILER_APPICON_NAME = AppIcon;
				INFOPLIST_FILE = iMotivate/Info.plist;
				LD_RUNPATH_SEARCH_PATHS = "$(inherited) @executable_path/Frameworks";
				PRODUCT_NAME = "$(TARGET_NAME)";
			};
			name = Release;
		};
		86B9CBE71B05C29700D7F892 /* Debug */ = {
			isa = XCBuildConfiguration;
			buildSettings = {
				BUNDLE_LOADER = "$(TEST_HOST)";
				FRAMEWORK_SEARCH_PATHS = (
					"$(SDKROOT)/Developer/Library/Frameworks",
					"$(inherited)",
				);
				GCC_PREPROCESSOR_DEFINITIONS = (
					"DEBUG=1",
					"$(inherited)",
				);
				INFOPLIST_FILE = iMotivateTests/Info.plist;
				LD_RUNPATH_SEARCH_PATHS = "$(inherited) @executable_path/Frameworks @loader_path/Frameworks";
				PRODUCT_NAME = "$(TARGET_NAME)";
				TEST_HOST = "$(BUILT_PRODUCTS_DIR)/iMotivate.app/iMotivate";
			};
			name = Debug;
		};
		86B9CBE81B05C29700D7F892 /* Release */ = {
			isa = XCBuildConfiguration;
			buildSettings = {
				BUNDLE_LOADER = "$(TEST_HOST)";
				FRAMEWORK_SEARCH_PATHS = (
					"$(SDKROOT)/Developer/Library/Frameworks",
					"$(inherited)",
				);
				INFOPLIST_FILE = iMotivateTests/Info.plist;
				LD_RUNPATH_SEARCH_PATHS = "$(inherited) @executable_path/Frameworks @loader_path/Frameworks";
				PRODUCT_NAME = "$(TARGET_NAME)";
				TEST_HOST = "$(BUILT_PRODUCTS_DIR)/iMotivate.app/iMotivate";
			};
			name = Release;
		};
		86B9CBFC1B05C6F600D7F892 /* Debug */ = {
			isa = XCBuildConfiguration;
			buildSettings = {
				GCC_PREPROCESSOR_DEFINITIONS = (
					"DEBUG=1",
					"$(inherited)",
				);
				INFOPLIST_FILE = "iMotivate Widget/Info.plist";
				LD_RUNPATH_SEARCH_PATHS = "$(inherited) @executable_path/Frameworks @executable_path/../../Frameworks";
				PRODUCT_NAME = "$(TARGET_NAME)";
				SKIP_INSTALL = YES;
			};
			name = Debug;
		};
		86B9CBFD1B05C6F600D7F892 /* Release */ = {
			isa = XCBuildConfiguration;
			buildSettings = {
				INFOPLIST_FILE = "iMotivate Widget/Info.plist";
				LD_RUNPATH_SEARCH_PATHS = "$(inherited) @executable_path/Frameworks @executable_path/../../Frameworks";
				PRODUCT_NAME = "$(TARGET_NAME)";
				SKIP_INSTALL = YES;
			};
			name = Release;
		};
/* End XCBuildConfiguration section */

/* Begin XCConfigurationList section */
		86B9CBBF1B05C29600D7F892 /* Build configuration list for PBXProject "iMotivate" */ = {
			isa = XCConfigurationList;
			buildConfigurations = (
				86B9CBE11B05C29700D7F892 /* Debug */,
				86B9CBE21B05C29700D7F892 /* Release */,
			);
			defaultConfigurationIsVisible = 0;
			defaultConfigurationName = Release;
		};
		86B9CBE31B05C29700D7F892 /* Build configuration list for PBXNativeTarget "iMotivate" */ = {
			isa = XCConfigurationList;
			buildConfigurations = (
				86B9CBE41B05C29700D7F892 /* Debug */,
				86B9CBE51B05C29700D7F892 /* Release */,
			);
			defaultConfigurationIsVisible = 0;
		};
		86B9CBE61B05C29700D7F892 /* Build configuration list for PBXNativeTarget "iMotivateTests" */ = {
			isa = XCConfigurationList;
			buildConfigurations = (
				86B9CBE71B05C29700D7F892 /* Debug */,
				86B9CBE81B05C29700D7F892 /* Release */,
			);
			defaultConfigurationIsVisible = 0;
		};
		86B9CBFB1B05C6F600D7F892 /* Build configuration list for PBXNativeTarget "iMotivate Widget" */ = {
			isa = XCConfigurationList;
			buildConfigurations = (
				86B9CBFC1B05C6F600D7F892 /* Debug */,
				86B9CBFD1B05C6F600D7F892 /* Release */,
			);
			defaultConfigurationIsVisible = 0;
		};
/* End XCConfigurationList section */
	};
	rootObject = 86B9CBBC1B05C29600D7F892 /* Project object */;
}
